
Microsoft Visual Studio Solution File, Format Version 12.00
# Visual Studio Version 16
VisualStudioVersion = 16.0.29519.87
MinimumVisualStudioVersion = 10.0.40219.1
Project("{FAE04EC0-301F-11D3-BF4B-00C04F79EFBC}") = "moore_mealy_machines", "moore_mealy_machines.csproj", "{622272C9-8F1C-45A6-9C4B-B9AB7BA63DCD}"
EndProject
Global
	GlobalSection(SolutionConfigurationPlatforms) = preSolution
		Debug|Any CPU = Debug|Any CPU
		Release|Any CPU = Release|Any CPU
	EndGlobalSection
	GlobalSection(ProjectConfigurationPlatforms) = postSolution
		{622272C9-8F1C-45A6-9C4B-B9AB7BA63DCD}.Debug|Any CPU.ActiveCfg = Debug|Any CPU
		{622272C9-8F1C-45A6-9C4B-B9AB7BA63DCD}.Debug|Any CPU.Build.0 = Debug|Any CPU
		{622272C9-8F1C-45A6-9C4B-B9AB7BA63DCD}.Release|Any CPU.ActiveCfg = Release|Any CPU
		{622272C9-8F1C-45A6-9C4B-B9AB7BA63DCD}.Release|Any CPU.Build.0 = Release|Any CPU
	EndGlobalSection
	GlobalSection(SolutionProperties) = preSolution
		HideSolutionNode = FALSE
	EndGlobalSection
	GlobalSection(ExtensibilityGlobals) = postSolution
		SolutionGuid = {725F48AB-2C08-4B30-8A12-0FF835B7F386}
	EndGlobalSection
EndGlobal
